
Microsoft Visual Studio Solution File, Format Version 12.00
# Visual Studio Version 17
VisualStudioVersion = 17.4.33213.308
MinimumVisualStudioVersion = 10.0.40219.1
Project("{FAE04EC0-301F-11D3-BF4B-00C04F79EFBC}") = "U1_2_krepsinis", "U1_2_krepsinis.csproj", "{4768F4F6-4715-43A1-B7ED-3318B6D4C7B5}"
EndProject
Global
	GlobalSection(SolutionConfigurationPlatforms) = preSolution
		Debug|Any CPU = Debug|Any CPU
		Release|Any CPU = Release|Any CPU
	EndGlobalSection
	GlobalSection(ProjectConfigurationPlatforms) = postSolution
		{4768F4F6-4715-43A1-B7ED-3318B6D4C7B5}.Debug|Any CPU.ActiveCfg = Debug|Any CPU
		{4768F4F6-4715-43A1-B7ED-3318B6D4C7B5}.Debug|Any CPU.Build.0 = Debug|Any CPU
		{4768F4F6-4715-43A1-B7ED-3318B6D4C7B5}.Release|Any CPU.ActiveCfg = Release|Any CPU
		{4768F4F6-4715-43A1-B7ED-3318B6D4C7B5}.Release|Any CPU.Build.0 = Release|Any CPU
	EndGlobalSection
	GlobalSection(SolutionProperties) = preSolution
		HideSolutionNode = FALSE
	EndGlobalSection
	GlobalSection(ExtensibilityGlobals) = postSolution
		SolutionGuid = {E2A3C023-89CD-487E-9970-B97D0B3B504E}
	EndGlobalSection
EndGlobal
